
Microsoft Visual Studio Solution File, Format Version 12.00
# Visual Studio 15
VisualStudioVersion = 15.0.27130.2010
MinimumVisualStudioVersion = 10.0.40219.1
Project("{930C7802-8A8C-48F9-8165-68863BCCD9DD}") = "Website.Setup", "Website.Setup\Website.Setup.wixproj", "{1B7DA727-227A-4FF7-A1AC-006B88492D2D}"
EndProject
Project("{FAE04EC0-301F-11D3-BF4B-00C04F79EFBC}") = "DemoWebsite", "DemoWebsite\DemoWebsite.csproj", "{2AFEA86F-437C-4418-8F24-C384F54EC851}"
EndProject
Global
	GlobalSection(SolutionConfigurationPlatforms) = preSolution
		Debug|Any CPU = Debug|Any CPU
		Debug|x86 = Debug|x86
		Release|Any CPU = Release|Any CPU
		Release|x86 = Release|x86
	EndGlobalSection
	GlobalSection(ProjectConfigurationPlatforms) = postSolution
		{1B7DA727-227A-4FF7-A1AC-006B88492D2D}.Debug|Any CPU.ActiveCfg = Debug|x86
		{1B7DA727-227A-4FF7-A1AC-006B88492D2D}.Debug|x86.ActiveCfg = Debug|x86
		{1B7DA727-227A-4FF7-A1AC-006B88492D2D}.Debug|x86.Build.0 = Debug|x86
		{1B7DA727-227A-4FF7-A1AC-006B88492D2D}.Release|Any CPU.ActiveCfg = Release|x86
		{1B7DA727-227A-4FF7-A1AC-006B88492D2D}.Release|x86.ActiveCfg = Release|x86
		{1B7DA727-227A-4FF7-A1AC-006B88492D2D}.Release|x86.Build.0 = Release|x86
		{2AFEA86F-437C-4418-8F24-C384F54EC851}.Debug|Any CPU.ActiveCfg = Debug|Any CPU
		{2AFEA86F-437C-4418-8F24-C384F54EC851}.Debug|Any CPU.Build.0 = Debug|Any CPU
		{2AFEA86F-437C-4418-8F24-C384F54EC851}.Debug|x86.ActiveCfg = Debug|Any CPU
		{2AFEA86F-437C-4418-8F24-C384F54EC851}.Debug|x86.Build.0 = Debug|Any CPU
		{2AFEA86F-437C-4418-8F24-C384F54EC851}.Release|Any CPU.ActiveCfg = Release|Any CPU
		{2AFEA86F-437C-4418-8F24-C384F54EC851}.Release|Any CPU.Build.0 = Release|Any CPU
		{2AFEA86F-437C-4418-8F24-C384F54EC851}.Release|x86.ActiveCfg = Release|Any CPU
		{2AFEA86F-437C-4418-8F24-C384F54EC851}.Release|x86.Build.0 = Release|Any CPU
	EndGlobalSection
	GlobalSection(SolutionProperties) = preSolution
		HideSolutionNode = FALSE
	EndGlobalSection
	GlobalSection(ExtensibilityGlobals) = postSolution
		SolutionGuid = {7359B231-382C-4828-9583-5B089326E526}
	EndGlobalSection
EndGlobal
